
Microsoft Visual Studio Solution File, Format Version 12.00
# Visual Studio Version 17
VisualStudioVersion = 17.14.36127.28 d17.14
MinimumVisualStudioVersion = 10.0.40219.1
Project("{FAE04EC0-301F-11D3-BF4B-00C04F79EFBC}") = "OpenAI_DOTNET_Demo", "OpenAI_DOTNET_Demo\OpenAI_DOTNET_Demo.csproj", "{6E8D259F-7982-4F87-888F-4CFBA4439EF1}"
EndProject
Global
	GlobalSection(SolutionConfigurationPlatforms) = preSolution
		Debug|Any CPU = Debug|Any CPU
		Release|Any CPU = Release|Any CPU
	EndGlobalSection
	GlobalSection(ProjectConfigurationPlatforms) = postSolution
		{6E8D259F-7982-4F87-888F-4CFBA4439EF1}.Debug|Any CPU.ActiveCfg = Debug|Any CPU
		{6E8D259F-7982-4F87-888F-4CFBA4439EF1}.Debug|Any CPU.Build.0 = Debug|Any CPU
		{6E8D259F-7982-4F87-888F-4CFBA4439EF1}.Release|Any CPU.ActiveCfg = Release|Any CPU
		{6E8D259F-7982-4F87-888F-4CFBA4439EF1}.Release|Any CPU.Build.0 = Release|Any CPU
	EndGlobalSection
	GlobalSection(SolutionProperties) = preSolution
		HideSolutionNode = FALSE
	EndGlobalSection
	GlobalSection(ExtensibilityGlobals) = postSolution
		SolutionGuid = {EBD3FA75-0625-4B42-8463-EA09B39452FC}
	EndGlobalSection
EndGlobal
